{
  "name": "leadflownex-web",
  "version": "1.0.0",
  "lockfileVersion": 3,
  "requires": true,
  "packages": {
    "": {
      "name": "leadflownex-web",
      "version": "1.0.0",
      "dependencies": {
        "next": "14.0.0",
        "react": "^18.2.0",
        "react-dom": "^18.2.0",
        "lucide-react": "^0.288.0"
      },
      "devDependencies": {
        "typescript": "^5.0.0",
        "@types/node": "^20.0.0",
        "@types/react": "^18.0.0",
        "@types/react-dom": "^18.0.0",
        "tailwindcss": "^3.3.0",
        "autoprefixer": "^10.4.0",
        "postcss": "^8.4.0",
        "eslint": "^8.0.0",
        "eslint-config-next": "14.0.0"
      },
      "engines": {
        "node": "18.x"
      }
    }
  }
}
